
Microsoft Visual Studio Solution File, Format Version 12.00
# Visual Studio 15
VisualStudioVersion = 15.0.27703.2018
MinimumVisualStudioVersion = 10.0.40219.1
Project("{FAE04EC0-301F-11D3-BF4B-00C04F79EFBC}") = "Entidades", "Entidades\Entidades.csproj", "{F3692DF3-D40D-467F-BD1E-4E4ACAFF687E}"
EndProject
Project("{FAE04EC0-301F-11D3-BF4B-00C04F79EFBC}") = "Calculadora", "Calculadora\Calculadora.csproj", "{FAD0EC4D-F50B-4EF7-B323-7E48B68DC003}"
EndProject
Global
	GlobalSection(SolutionConfigurationPlatforms) = preSolution
		Debug|Any CPU = Debug|Any CPU
		Release|Any CPU = Release|Any CPU
	EndGlobalSection
	GlobalSection(ProjectConfigurationPlatforms) = postSolution
		{F3692DF3-D40D-467F-BD1E-4E4ACAFF687E}.Debug|Any CPU.ActiveCfg = Debug|Any CPU
		{F3692DF3-D40D-467F-BD1E-4E4ACAFF687E}.Debug|Any CPU.Build.0 = Debug|Any CPU
		{F3692DF3-D40D-467F-BD1E-4E4ACAFF687E}.Release|Any CPU.ActiveCfg = Release|Any CPU
		{F3692DF3-D40D-467F-BD1E-4E4ACAFF687E}.Release|Any CPU.Build.0 = Release|Any CPU
		{FAD0EC4D-F50B-4EF7-B323-7E48B68DC003}.Debug|Any CPU.ActiveCfg = Debug|Any CPU
		{FAD0EC4D-F50B-4EF7-B323-7E48B68DC003}.Debug|Any CPU.Build.0 = Debug|Any CPU
		{FAD0EC4D-F50B-4EF7-B323-7E48B68DC003}.Release|Any CPU.ActiveCfg = Release|Any CPU
		{FAD0EC4D-F50B-4EF7-B323-7E48B68DC003}.Release|Any CPU.Build.0 = Release|Any CPU
	EndGlobalSection
	GlobalSection(SolutionProperties) = preSolution
		HideSolutionNode = FALSE
	EndGlobalSection
	GlobalSection(ExtensibilityGlobals) = postSolution
		SolutionGuid = {0A2A3738-973B-46D5-94F5-BEC77BB5CBE6}
	EndGlobalSection
EndGlobal
